Microsoft Visual Studio Solution File, Format Version 12.00
# Visual Studio Version 17
VisualStudioVersion = 17.0.31903.59
MinimumVisualStudioVersion = 10.0.40219.1
Project("{2150E333-8FDC-42A3-9474-1A3956D46DE8}") = "Solution Items", "Solution Items", "{B4DED7AC-19A6-4ED9-97C0-EFE13299B049}"
	ProjectSection(SolutionItems) = preProject
		.editorconfig = .editorconfig
	EndProjectSection
EndProject
Project("{9A19103F-16F7-4668-BE54-9A1E7A4F7556}") = "Skybrud.Umbraco.Redirects.Import", "Skybrud.Umbraco.Redirects.Import\Skybrud.Umbraco.Redirects.Import.csproj", "{2B66A4EE-80C1-4DE8-B5B7-D3296BBEAAC5}"
EndProject
Global
	GlobalSection(SolutionConfigurationPlatforms) = preSolution
		Debug|Any CPU = Debug|Any CPU
		Release|Any CPU = Release|Any CPU
	EndGlobalSection
	GlobalSection(ProjectConfigurationPlatforms) = postSolution
		{2B66A4EE-80C1-4DE8-B5B7-D3296BBEAAC5}.Debug|Any CPU.ActiveCfg = Debug|Any CPU
		{2B66A4EE-80C1-4DE8-B5B7-D3296BBEAAC5}.Debug|Any CPU.Build.0 = Debug|Any CPU
		{2B66A4EE-80C1-4DE8-B5B7-D3296BBEAAC5}.Release|Any CPU.ActiveCfg = Release|Any CPU
		{2B66A4EE-80C1-4DE8-B5B7-D3296BBEAAC5}.Release|Any CPU.Build.0 = Release|Any CPU
	EndGlobalSection
	GlobalSection(SolutionProperties) = preSolution
		HideSolutionNode = FALSE
	EndGlobalSection
	GlobalSection(ExtensibilityGlobals) = postSolution
		SolutionGuid = {00000000-0000-0000-0000-000000000000}
	EndGlobalSection
EndGlobal